// !$*UTF8*$!
{
	archiveVersion = 1;
	classes = {
	};
	objectVersion = 55;
	objects = {

/* Begin PBXBuildFile section */
		4D51FDA6292A2E7B005690F5 /* TVShowsResponse.swift in Sources */ = {isa = PBXBuildFile; fileRef = 4D51FDA5292A2E7B005690F5 /* TVShowsResponse.swift */; };
		4D7A2EF5291FDF40000B724D /* Alamofire in Frameworks */ = {isa = PBXBuildFile; productRef = 4D7A2EF4291FDF40000B724D /* Alamofire */; };
		4D7A2EF729239252000B724D /* MovieResponse.swift in Sources */ = {isa = PBXBuildFile; fileRef = 4D7A2EF629239252000B724D /* MovieResponse.swift */; };
		4D7A2EFA2928F818000B724D /* Kingfisher in Frameworks */ = {isa = PBXBuildFile; productRef = 4D7A2EF92928F818000B724D /* Kingfisher */; };
		4D820928293629C20096C3D1 /* DetailResponse.swift in Sources */ = {isa = PBXBuildFile; fileRef = 4D820927293629C20096C3D1 /* DetailResponse.swift */; };
		4D82092F2937D61E0096C3D1 /* TVDetailResponse.swift in Sources */ = {isa = PBXBuildFile; fileRef = 4D82092E2937D61D0096C3D1 /* TVDetailResponse.swift */; };
		4DAD79B628FEE0FC00C5CF7A /* AppDelegate.swift in Sources */ = {isa = PBXBuildFile; fileRef = 4DAD79B528FEE0FC00C5CF7A /* AppDelegate.swift */; };
		4DAD79B828FEE0FC00C5CF7A /* SceneDelegate.swift in Sources */ = {isa = PBXBuildFile; fileRef = 4DAD79B728FEE0FC00C5CF7A /* SceneDelegate.swift */; };
		4DAD79BA28FEE0FC00C5CF7A /* ViewController.swift in Sources */ = {isa = PBXBuildFile; fileRef = 4DAD79B928FEE0FC00C5CF7A /* ViewController.swift */; };
		4DAD79BD28FEE0FC00C5CF7A /* Main.storyboard in Resources */ = {isa = PBXBuildFile; fileRef = 4DAD79BB28FEE0FC00C5CF7A /* Main.storyboard */; };
		4DAD79BF28FEE10500C5CF7A /* Assets.xcassets in Resources */ = {isa = PBXBuildFile; fileRef = 4DAD79BE28FEE10500C5CF7A /* Assets.xcassets */; };
		4DAD79C228FEE10500C5CF7A /* LaunchScreen.storyboard in Resources */ = {isa = PBXBuildFile; fileRef = 4DAD79C028FEE10500C5CF7A /* LaunchScreen.storyboard */; };
		4DAD79CA28FEEE3A00C5CF7A /* MovieViewController.swift in Sources */ = {isa = PBXBuildFile; fileRef = 4DAD79C928FEEE3900C5CF7A /* MovieViewController.swift */; };
		4DAD79CC28FEEE6900C5CF7A /* TVShowsViewController.swift in Sources */ = {isa = PBXBuildFile; fileRef = 4DAD79CB28FEEE6900C5CF7A /* TVShowsViewController.swift */; };
		4DAD79CE290FF3DD00C5CF7A /* DetailViewController.swift in Sources */ = {isa = PBXBuildFile; fileRef = 4DAD79CD290FF3DC00C5CF7A /* DetailViewController.swift */; };
		4DB25A042913CCF400F601E4 /* MovieTableViewCell.swift in Sources */ = {isa = PBXBuildFile; fileRef = 4DB25A032913CCF400F601E4 /* MovieTableViewCell.swift */; };
		4DB25A062913D4EB00F601E4 /* TVTableViewCell.swift in Sources */ = {isa = PBXBuildFile; fileRef = 4DB25A052913D4EB00F601E4 /* TVTableViewCell.swift */; };
/* End PBXBuildFile section */

/* Begin PBXFileReference section */
		4D51FDA5292A2E7B005690F5 /* TVShowsResponse.swift */ = {isa = PBXFileReference; lastKnownFileType = sourcecode.swift; path = TVShowsResponse.swift; sourceTree = "<group>"; };
		4D7A2EF629239252000B724D /* MovieResponse.swift */ = {isa = PBXFileReference; lastKnownFileType = sourcecode.swift; path = MovieResponse.swift; sourceTree = "<group>"; };
		4D820927293629C20096C3D1 /* DetailResponse.swift */ = {isa = PBXFileReference; lastKnownFileType = sourcecode.swift; path = DetailResponse.swift; sourceTree = "<group>"; };
		4D82092E2937D61D0096C3D1 /* TVDetailResponse.swift */ = {isa = PBXFileReference; lastKnownFileType = sourcecode.swift; path = TVDetailResponse.swift; sourceTree = "<group>"; };
		4DAD79B228FEE0FC00C5CF7A /* MovieTV.app */ = {isa = PBXFileReference; explicitFileType = wrapper.application; includeInIndex = 0; path = MovieTV.app; sourceTree = BUILT_PRODUCTS_DIR; };
		4DAD79B528FEE0FC00C5CF7A /* AppDelegate.swift */ = {isa = PBXFileReference; lastKnownFileType = sourcecode.swift; path = AppDelegate.swift; sourceTree = "<group>"; };
		4DAD79B728FEE0FC00C5CF7A /* SceneDelegate.swift */ = {isa = PBXFileReference; lastKnownFileType = sourcecode.swift; path = SceneDelegate.swift; sourceTree = "<group>"; };
		4DAD79B928FEE0FC00C5CF7A /* ViewController.swift */ = {isa = PBXFileReference; lastKnownFileType = sourcecode.swift; path = ViewController.swift; sourceTree = "<group>"; };
		4DAD79BC28FEE0FC00C5CF7A /* Base */ = {isa = PBXFileReference; lastKnownFileType = file.storyboard; name = Base; path = Base.lproj/Main.storyboard; sourceTree = "<group>"; };
		4DAD79BE28FEE10500C5CF7A /* Assets.xcassets */ = {isa = PBXFileReference; lastKnownFileType = folder.assetcatalog; path = Assets.xcassets; sourceTree = "<group>"; };
		4DAD79C128FEE10500C5CF7A /* Base */ = {isa = PBXFileReference; lastKnownFileType = file.storyboard; name = Base; path = Base.lproj/LaunchScreen.storyboard; sourceTree = "<group>"; };
		4DAD79C328FEE10500C5CF7A /* Info.plist */ = {isa = PBXFileReference; lastKnownFileType = text.plist.xml; path = Info.plist; sourceTree = "<group>"; };
		4DAD79C928FEEE3900C5CF7A /* MovieViewController.swift */ = {isa = PBXFileReference; lastKnownFileType = sourcecode.swift; path = MovieViewController.swift; sourceTree = "<group>"; };
		4DAD79CB28FEEE6900C5CF7A /* TVShowsViewController.swift */ = {isa = PBXFileReference; indentWidth = 5; lastKnownFileType = sourcecode.swift; path = TVShowsViewController.swift; sourceTree = "<group>"; };
		4DAD79CD290FF3DC00C5CF7A /* DetailViewController.swift */ = {isa = PBXFileReference; lastKnownFileType = sourcecode.swift; path = DetailViewController.swift; sourceTree = "<group>"; };
		4DB25A032913CCF400F601E4 /* MovieTableViewCell.swift */ = {isa = PBXFileReference; lastKnownFileType = sourcecode.swift; path = MovieTableViewCell.swift; sourceTree = "<group>"; };
		4DB25A052913D4EB00F601E4 /* TVTableViewCell.swift */ = {isa = PBXFileReference; lastKnownFileType = sourcecode.swift; path = TVTableViewCell.swift; sourceTree = "<group>"; };
/* End PBXFileReference section */

/* Begin PBXFrameworksBuildPhase section */
		4DAD79AF28FEE0FC00C5CF7A /* Frameworks */ = {
			isa = PBXFrameworksBuildPhase;
			buildActionMask = 2147483647;
			files = (
				4D7A2EFA2928F818000B724D /* Kingfisher in Frameworks */,
				4D7A2EF5291FDF40000B724D /* Alamofire in Frameworks */,
			);
			runOnlyForDeploymentPostprocessing = 0;
		};
/* End PBXFrameworksBuildPhase section */

/* Begin PBXGroup section */
		4D820929293629D40096C3D1 /* ViewControllers */ = {
			isa = PBXGroup;
			children = (
				4DAD79B928FEE0FC00C5CF7A /* ViewController.swift */,
				4DAD79C928FEEE3900C5CF7A /* MovieViewController.swift */,
				4DAD79CB28FEEE6900C5CF7A /* TVShowsViewController.swift */,
				4DAD79CD290FF3DC00C5CF7A /* DetailViewController.swift */,
			);
			path = ViewControllers;
			sourceTree = "<group>";
		};
		4D82092A29362A030096C3D1 /* TableViewcell */ = {
			isa = PBXGroup;
			children = (
				4DB25A052913D4EB00F601E4 /* TVTableViewCell.swift */,
				4DB25A032913CCF400F601E4 /* MovieTableViewCell.swift */,
			);
			path = TableViewcell;
			sourceTree = "<group>";
		};
		4D82092D29362A3F0096C3D1 /* Responses */ = {
			isa = PBXGroup;
			children = (
				4D7A2EF629239252000B724D /* MovieResponse.swift */,
				4D51FDA5292A2E7B005690F5 /* TVShowsResponse.swift */,
				4D820927293629C20096C3D1 /* DetailResponse.swift */,
				4D82092E2937D61D0096C3D1 /* TVDetailResponse.swift */,
			);
			path = Responses;
			sourceTree = "<group>";
		};
		4DAD79A928FEE0FC00C5CF7A = {
			isa = PBXGroup;
			children = (
				4DAD79B428FEE0FC00C5CF7A /* MovieTV */,
				4DAD79B328FEE0FC00C5CF7A /* Products */,
			);
			sourceTree = "<group>";
		};
		4DAD79B328FEE0FC00C5CF7A /* Products */ = {
			isa = PBXGroup;
			children = (
				4DAD79B228FEE0FC00C5CF7A /* MovieTV.app */,
			);
			name = Products;
			sourceTree = "<group>";
		};
		4DAD79B428FEE0FC00C5CF7A /* MovieTV */ = {
			isa = PBXGroup;
			children = (
				4DAD79B528FEE0FC00C5CF7A /* AppDelegate.swift */,
				4DAD79B728FEE0FC00C5CF7A /* SceneDelegate.swift */,
				4D820929293629D40096C3D1 /* ViewControllers */,
				4D82092A29362A030096C3D1 /* TableViewcell */,
				4D82092D29362A3F0096C3D1 /* Responses */,
				4DAD79BB28FEE0FC00C5CF7A /* Main.storyboard */,
				4DAD79BE28FEE10500C5CF7A /* Assets.xcassets */,
				4DAD79C028FEE10500C5CF7A /* LaunchScreen.storyboard */,
				4DAD79C328FEE10500C5CF7A /* Info.plist */,
			);
			path = MovieTV;
			sourceTree = "<group>";
		};
/* End PBXGroup section */

/* Begin PBXNativeTarget section */
		4DAD79B128FEE0FC00C5CF7A /* MovieTV */ = {
			isa = PBXNativeTarget;
			buildConfigurationList = 4DAD79C628FEE10500C5CF7A /* Build configuration list for PBXNativeTarget "MovieTV" */;
			buildPhases = (
				4DAD79AE28FEE0FC00C5CF7A /* Sources */,
				4DAD79AF28FEE0FC00C5CF7A /* Frameworks */,
				4DAD79B028FEE0FC00C5CF7A /* Resources */,
			);
			buildRules = (
			);
			dependencies = (
			);
			name = MovieTV;
			packageProductDependencies = (
				4D7A2EF4291FDF40000B724D /* Alamofire */,
				4D7A2EF92928F818000B724D /* Kingfisher */,
			);
			productName = MovieTV;
			productReference = 4DAD79B228FEE0FC00C5CF7A /* MovieTV.app */;
			productType = "com.apple.product-type.application";
		};
/* End PBXNativeTarget section */

/* Begin PBXProject section */
		4DAD79AA28FEE0FC00C5CF7A /* Project object */ = {
			isa = PBXProject;
			attributes = {
				BuildIndependentTargetsInParallel = 1;
				LastSwiftUpdateCheck = 1320;
				LastUpgradeCheck = 1320;
				TargetAttributes = {
					4DAD79B128FEE0FC00C5CF7A = {
						CreatedOnToolsVersion = 13.2.1;
					};
				};
			};
			buildConfigurationList = 4DAD79AD28FEE0FC00C5CF7A /* Build configuration list for PBXProject "MovieTV" */;
			compatibilityVersion = "Xcode 13.0";
			developmentRegion = en;
			hasScannedForEncodings = 0;
			knownRegions = (
				en,
				Base,
			);
			mainGroup = 4DAD79A928FEE0FC00C5CF7A;
			packageReferences = (
				4D7A2EF3291FDF40000B724D /* XCRemoteSwiftPackageReference "Alamofire" */,
				4D7A2EF82928F817000B724D /* XCRemoteSwiftPackageReference "Kingfisher" */,
			);
			productRefGroup = 4DAD79B328FEE0FC00C5CF7A /* Products */;
			projectDirPath = "";
			projectRoot = "";
			targets = (
				4DAD79B128FEE0FC00C5CF7A /* MovieTV */,
			);
		};
/* End PBXProject section */

/* Begin PBXResourcesBuildPhase section */
		4DAD79B028FEE0FC00C5CF7A /* Resources */ = {
			isa = PBXResourcesBuildPhase;
			buildActionMask = 2147483647;
			files = (
				4DAD79C228FEE10500C5CF7A /* LaunchScreen.storyboard in Resources */,
				4DAD79BF28FEE10500C5CF7A /* Assets.xcassets in Resources */,
				4DAD79BD28FEE0FC00C5CF7A /* Main.storyboard in Resources */,
			);
			runOnlyForDeploymentPostprocessing = 0;
		};
/* End PBXResourcesBuildPhase section */

/* Begin PBXSourcesBuildPhase section */
		4DAD79AE28FEE0FC00C5CF7A /* Sources */ = {
			isa = PBXSourcesBuildPhase;
			buildActionMask = 2147483647;
			files = (
				4DAD79BA28FEE0FC00C5CF7A /* ViewController.swift in Sources */,
				4D51FDA6292A2E7B005690F5 /* TVShowsResponse.swift in Sources */,
				4DAD79CC28FEEE6900C5CF7A /* TVShowsViewController.swift in Sources */,
				4D820928293629C20096C3D1 /* DetailResponse.swift in Sources */,
				4DB25A042913CCF400F601E4 /* MovieTableViewCell.swift in Sources */,
				4D82092F2937D61E0096C3D1 /* TVDetailResponse.swift in Sources */,
				4DAD79B628FEE0FC00C5CF7A /* AppDelegate.swift in Sources */,
				4DAD79CE290FF3DD00C5CF7A /* DetailViewController.swift in Sources */,
				4DB25A062913D4EB00F601E4 /* TVTableViewCell.swift in Sources */,
				4D7A2EF729239252000B724D /* MovieResponse.swift in Sources */,
				4DAD79B828FEE0FC00C5CF7A /* SceneDelegate.swift in Sources */,
				4DAD79CA28FEEE3A00C5CF7A /* MovieViewController.swift in Sources */,
			);
			runOnlyForDeploymentPostprocessing = 0;
		};
/* End PBXSourcesBuildPhase section */

/* Begin PBXVariantGroup section */
		4DAD79BB28FEE0FC00C5CF7A /* Main.storyboard */ = {
			isa = PBXVariantGroup;
			children = (
				4DAD79BC28FEE0FC00C5CF7A /* Base */,
			);
			name = Main.storyboard;
			sourceTree = "<group>";
		};
		4DAD79C028FEE10500C5CF7A /* LaunchScreen.storyboard */ = {
			isa = PBXVariantGroup;
			children = (
				4DAD79C128FEE10500C5CF7A /* Base */,
			);
			name = LaunchScreen.storyboard;
			sourceTree = "<group>";
		};
/* End PBXVariantGroup section */

/* Begin XCBuildConfiguration section */
		4DAD79C428FEE10500C5CF7A /* Debug */ = {
			isa = XCBuildConfiguration;
			buildSettings = {
				ALWAYS_SEARCH_USER_PATHS = NO;
				CLANG_ANALYZER_NONNULL = YES;
				CLANG_ANALYZER_NUMBER_OBJECT_CONVERSION = YES_AGGRESSIVE;
				CLANG_CXX_LANGUAGE_STANDARD = "gnu++17";
				CLANG_CXX_LIBRARY = "libc++";
				CLANG_ENABLE_MODULES = YES;
				CLANG_ENABLE_OBJC_ARC = YES;
				CLANG_ENABLE_OBJC_WEAK = YES;
				CLANG_WARN_BLOCK_CAPTURE_AUTORELEASING = YES;
				CLANG_WARN_BOOL_CONVERSION = YES;
				CLANG_WARN_COMMA = YES;
				CLANG_WARN_CONSTANT_CONVERSION = YES;
				CLANG_WARN_DEPRECATED_OBJC_IMPLEMENTATIONS = YES;
				CLANG_WARN_DIRECT_OBJC_ISA_USAGE = YES_ERROR;
				CLANG_WARN_DOCUMENTATION_COMMENTS = YES;
				CLANG_WARN_EMPTY_BODY = YES;
				CLANG_WARN_ENUM_CONVERSION = YES;
				CLANG_WARN_INFINITE_RECURSION = YES;
				CLANG_WARN_INT_CONVERSION = YES;
				CLANG_WARN_NON_LITERAL_NULL_CONVERSION = YES;
				CLANG_WARN_OBJC_IMPLICIT_RETAIN_SELF = YES;
				CLANG_WARN_OBJC_LITERAL_CONVERSION = YES;
				CLANG_WARN_OBJC_ROOT_CLASS = YES_ERROR;
				CLANG_WARN_QUOTED_INCLUDE_IN_FRAMEWORK_HEADER = YES;
				CLANG_WARN_RANGE_LOOP_ANALYSIS = YES;
				CLANG_WARN_STRICT_PROTOTYPES = YES;
				CLANG_WARN_SUSPICIOUS_MOVE = YES;
				CLANG_WARN_UNGUARDED_AVAILABILITY = YES_AGGRESSIVE;
				CLANG_WARN_UNREACHABLE_CODE = YES;
				CLANG_WARN__DUPLICATE_METHOD_MATCH = YES;
				COPY_PHASE_STRIP = NO;
				DEBUG_INFORMATION_FORMAT = dwarf;
				ENABLE_STRICT_OBJC_MSGSEND = YES;
				ENABLE_TESTABILITY = YES;
				GCC_C_LANGUAGE_STANDARD = gnu11;
				GCC_DYNAMIC_NO_PIC = NO;
				GCC_NO_COMMON_BLOCKS = YES;
				GCC_OPTIMIZATION_LEVEL = 0;
				GCC_PREPROCESSOR_DEFINITIONS = (
					"DEBUG=1",
					"$(inherited)",
				);
				GCC_WARN_64_TO_32_BIT_CONVERSION = YES;
				GCC_WARN_ABOUT_RETURN_TYPE = YES_ERROR;
				GCC_WARN_UNDECLARED_SELECTOR = YES;
				GCC_WARN_UNINITIALIZED_AUTOS = YES_AGGRESSIVE;
				GCC_WARN_UNUSED_FUNCTION = YES;
				GCC_WARN_UNUSED_VARIABLE = YES;
				IPHONEOS_DEPLOYMENT_TARGET = 15.2;
				MTL_ENABLE_DEBUG_INFO = INCLUDE_SOURCE;
				MTL_FAST_MATH = YES;
				ONLY_ACTIVE_ARCH = YES;
				SDKROOT = iphoneos;
				SWIFT_ACTIVE_COMPILATION_CONDITIONS = DEBUG;
				SWIFT_OPTIMIZATION_LEVEL = "-Onone";
			};
			name = Debug;
		};
		4DAD79C528FEE10500C5CF7A /* Release */ = {
			isa = XCBuildConfiguration;
			buildSettings = {
				ALWAYS_SEARCH_USER_PATHS = NO;
				CLANG_ANALYZER_NONNULL = YES;
				CLANG_ANALYZER_NUMBER_OBJECT_CONVERSION = YES_AGGRESSIVE;
				CLANG_CXX_LANGUAGE_STANDARD = "gnu++17";
				CLANG_CXX_LIBRARY = "libc++";
				CLANG_ENABLE_MODULES = YES;
				CLANG_ENABLE_OBJC_ARC = YES;
				CLANG_ENABLE_OBJC_WEAK = YES;
				CLANG_WARN_BLOCK_CAPTURE_AUTORELEASING = YES;
				CLANG_WARN_BOOL_CONVERSION = YES;
				CLANG_WARN_COMMA = YES;
				CLANG_WARN_CONSTANT_CONVERSION = YES;
				CLANG_WARN_DEPRECATED_OBJC_IMPLEMENTATIONS = YES;
				CLANG_WARN_DIRECT_OBJC_ISA_USAGE = YES_ERROR;
				CLANG_WARN_DOCUMENTATION_COMMENTS = YES;
				CLANG_WARN_EMPTY_BODY = YES;
				CLANG_WARN_ENUM_CONVERSION = YES;
				CLANG_WARN_INFINITE_RECURSION = YES;
				CLANG_WARN_INT_CONVERSION = YES;
				CLANG_WARN_NON_LITERAL_NULL_CONVERSION = YES;
				CLANG_WARN_OBJC_IMPLICIT_RETAIN_SELF = YES;
				CLANG_WARN_OBJC_LITERAL_CONVERSION = YES;
				CLANG_WARN_OBJC_ROOT_CLASS = YES_ERROR;
				CLANG_WARN_QUOTED_INCLUDE_IN_FRAMEWORK_HEADER = YES;
				CLANG_WARN_RANGE_LOOP_ANALYSIS = YES;
				CLANG_WARN_STRICT_PROTOTYPES = YES;
				CLANG_WARN_SUSPICIOUS_MOVE = YES;
				CLANG_WARN_UNGUARDED_AVAILABILITY = YES_AGGRESSIVE;
				CLANG_WARN_UNREACHABLE_CODE = YES;
				CLANG_WARN__DUPLICATE_METHOD_MATCH = YES;
				COPY_PHASE_STRIP = NO;
				DEBUG_INFORMATION_FORMAT = "dwarf-with-dsym";
				ENABLE_NS_ASSERTIONS = NO;
				ENABLE_STRICT_OBJC_MSGSEND = YES;
				GCC_C_LANGUAGE_STANDARD = gnu11;
				GCC_NO_COMMON_BLOCKS = YES;
				GCC_WARN_64_TO_32_BIT_CONVERSION = YES;
				GCC_WARN_ABOUT_RETURN_TYPE = YES_ERROR;
				GCC_WARN_UNDECLARED_SELECTOR = YES;
				GCC_WARN_UNINITIALIZED_AUTOS = YES_AGGRESSIVE;
				GCC_WARN_UNUSED_FUNCTION = YES;
				GCC_WARN_UNUSED_VARIABLE = YES;
				IPHONEOS_DEPLOYMENT_TARGET = 15.2;
				MTL_ENABLE_DEBUG_INFO = NO;
				MTL_FAST_MATH = YES;
				SDKROOT = iphoneos;
				SWIFT_COMPILATION_MODE = wholemodule;
				SWIFT_OPTIMIZATION_LEVEL = "-O";
				VALIDATE_PRODUCT = YES;
			};
			name = Release;
		};
		4DAD79C728FEE10500C5CF7A /* Debug */ = {
			isa = XCBuildConfiguration;
			buildSettings = {
				ASSETCATALOG_COMPILER_APPICON_NAME = AppIcon;
				ASSETCATALOG_COMPILER_GLOBAL_ACCENT_COLOR_NAME = AccentColor;
				CODE_SIGN_STYLE = Automatic;
				CURRENT_PROJECT_VERSION = 1;
				GENERATE_INFOPLIST_FILE = YES;
				INFOPLIST_FILE = MovieTV/Info.plist;
				INFOPLIST_KEY_UIApplicationSupportsIndirectInputEvents = YES;
				INFOPLIST_KEY_UILaunchStoryboardName = LaunchScreen;
				INFOPLIST_KEY_UIMainStoryboardFile = Main;
				INFOPLIST_KEY_UISupportedInterfaceOrientations_iPad = "UIInterfaceOrientationPortrait UIInterfaceOrientationPortraitUpsideDown UIInterfaceOrientationLandscapeLeft UIInterfaceOrientationLandscapeRight";
				INFOPLIST_KEY_UISupportedInterfaceOrientations_iPhone = "UIInterfaceOrientationPortrait UIInterfaceOrientationLandscapeLeft UIInterfaceOrientationLandscapeRight";
				LD_RUNPATH_SEARCH_PATHS = (
					"$(inherited)",
					"@executable_path/Frameworks",
				);
				MARKETING_VERSION = 1.0;
				PRODUCT_BUNDLE_IDENTIFIER = sdenizg.MovieTV;
				PRODUCT_NAME = "$(TARGET_NAME)";
				SWIFT_EMIT_LOC_STRINGS = YES;
				SWIFT_VERSION = 5.0;
				TARGETED_DEVICE_FAMILY = "1,2";
			};
			name = Debug;
		};
		4DAD79C828FEE10500C5CF7A /* Release */ = {
			isa = XCBuildConfiguration;
			buildSettings = {
				ASSETCATALOG_COMPILER_APPICON_NAME = AppIcon;
				ASSETCATALOG_COMPILER_GLOBAL_ACCENT_COLOR_NAME = AccentColor;
				CODE_SIGN_STYLE = Automatic;
				CURRENT_PROJECT_VERSION = 1;
				GENERATE_INFOPLIST_FILE = YES;
				INFOPLIST_FILE = MovieTV/Info.plist;
				INFOPLIST_KEY_UIApplicationSupportsIndirectInputEvents = YES;
				INFOPLIST_KEY_UILaunchStoryboardName = LaunchScreen;
				INFOPLIST_KEY_UIMainStoryboardFile = Main;
				INFOPLIST_KEY_UISupportedInterfaceOrientations_iPad = "UIInterfaceOrientationPortrait UIInterfaceOrientationPortraitUpsideDown UIInterfaceOrientationLandscapeLeft UIInterfaceOrientationLandscapeRight";
				INFOPLIST_KEY_UISupportedInterfaceOrientations_iPhone = "UIInterfaceOrientationPortrait UIInterfaceOrientationLandscapeLeft UIInterfaceOrientationLandscapeRight";
				LD_RUNPATH_SEARCH_PATHS = (
					"$(inherited)",
					"@executable_path/Frameworks",
				);
				MARKETING_VERSION = 1.0;
				PRODUCT_BUNDLE_IDENTIFIER = sdenizg.MovieTV;
				PRODUCT_NAME = "$(TARGET_NAME)";
				SWIFT_EMIT_LOC_STRINGS = YES;
				SWIFT_VERSION = 5.0;
				TARGETED_DEVICE_FAMILY = "1,2";
			};
			name = Release;
		};
/* End XCBuildConfiguration section */

/* Begin XCConfigurationList section */
		4DAD79AD28FEE0FC00C5CF7A /* Build configuration list for PBXProject "MovieTV" */ = {
			isa = XCConfigurationList;
			buildConfigurations = (
				4DAD79C428FEE10500C5CF7A /* Debug */,
				4DAD79C528FEE10500C5CF7A /* Release */,
			);
			defaultConfigurationIsVisible = 0;
			defaultConfigurationName = Release;
		};
		4DAD79C628FEE10500C5CF7A /* Build configuration list for PBXNativeTarget "MovieTV" */ = {
			isa = XCConfigurationList;
			buildConfigurations = (
				4DAD79C728FEE10500C5CF7A /* Debug */,
				4DAD79C828FEE10500C5CF7A /* Release */,
			);
			defaultConfigurationIsVisible = 0;
			defaultConfigurationName = Release;
		};
/* End XCConfigurationList section */

/* Begin XCRemoteSwiftPackageReference section */
		4D7A2EF3291FDF40000B724D /* XCRemoteSwiftPackageReference "Alamofire" */ = {
			isa = XCRemoteSwiftPackageReference;
			repositoryURL = "https://github.com/Alamofire/Alamofire.git";
			requirement = {
				kind = upToNextMajorVersion;
				minimumVersion = 5.0.0;
			};
		};
		4D7A2EF82928F817000B724D /* XCRemoteSwiftPackageReference "Kingfisher" */ = {
			isa = XCRemoteSwiftPackageReference;
			repositoryURL = "https://github.com/onevcat/Kingfisher";
			requirement = {
				kind = upToNextMajorVersion;
				minimumVersion = 7.0.0;
			};
		};
/* End XCRemoteSwiftPackageReference section */

/* Begin XCSwiftPackageProductDependency section */
		4D7A2EF4291FDF40000B724D /* Alamofire */ = {
			isa = XCSwiftPackageProductDependency;
			package = 4D7A2EF3291FDF40000B724D /* XCRemoteSwiftPackageReference "Alamofire" */;
			productName = Alamofire;
		};
		4D7A2EF92928F818000B724D /* Kingfisher */ = {
			isa = XCSwiftPackageProductDependency;
			package = 4D7A2EF82928F817000B724D /* XCRemoteSwiftPackageReference "Kingfisher" */;
			productName = Kingfisher;
		};
/* End XCSwiftPackageProductDependency section */
	};
	rootObject = 4DAD79AA28FEE0FC00C5CF7A /* Project object */;
}
